
Microsoft Visual Studio Solution File, Format Version 12.00
# Visual Studio Version 16
VisualStudioVersion = 16.0.31624.102
MinimumVisualStudioVersion = 10.0.40219.1
Project("{FAE04EC0-301F-11D3-BF4B-00C04F79EFBC}") = "app_srch_inst_APALLA", "app_srch_inst_APALLA\app_srch_inst_APALLA.csproj", "{0646C76E-129B-49AE-BCA3-775FEF520761}"
EndProject
Global
	GlobalSection(SolutionConfigurationPlatforms) = preSolution
		Debug|Any CPU = Debug|Any CPU
		Release|Any CPU = Release|Any CPU
	EndGlobalSection
	GlobalSection(ProjectConfigurationPlatforms) = postSolution
		{0646C76E-129B-49AE-BCA3-775FEF520761}.Debug|Any CPU.ActiveCfg = Debug|Any CPU
		{0646C76E-129B-49AE-BCA3-775FEF520761}.Debug|Any CPU.Build.0 = Debug|Any CPU
		{0646C76E-129B-49AE-BCA3-775FEF520761}.Release|Any CPU.ActiveCfg = Release|Any CPU
		{0646C76E-129B-49AE-BCA3-775FEF520761}.Release|Any CPU.Build.0 = Release|Any CPU
	EndGlobalSection
	GlobalSection(SolutionProperties) = preSolution
		HideSolutionNode = FALSE
	EndGlobalSection
	GlobalSection(ExtensibilityGlobals) = postSolution
		SolutionGuid = {2A954C47-B905-44E1-B993-40FAC85BED61}
	EndGlobalSection
EndGlobal
